# THIS IS AN AUTOGENERATED FILE. DO NOT EDIT THIS FILE DIRECTLY.
# yarn lockfile v1


"@ungap/event-target@^0.2.3":
  version "0.2.3"
  resolved "https://registry.nlark.com/@ungap/event-target/download/@ungap/event-target-0.2.3.tgz#be682c681126dca2371c4e1a1721f8e8bb400905"
  integrity sha1-vmgsaBEm3KI3HE4aFyH46LtACQU=

boolbase@^1.0.0:
  version "1.0.0"
  resolved "https://registry.npm.taobao.org/boolbase/download/boolbase-1.0.0.tgz#68dff5fbe60c51eb37725ea9e3ed310dcc1e776e"
  integrity sha1-aN/1++YMUes3cl6p4+0xDcwed24=

css-select@^4.1.3:
  version "4.1.3"
  resolved "https://registry.nlark.com/css-select/download/css-select-4.1.3.tgz#a70440f70317f2669118ad74ff105e65849c7067"
  integrity sha1-pwRA9wMX8maRGK10/xBeZYSccGc=
  dependencies:
    boolbase "^1.0.0"
    css-what "^5.0.0"
    domhandler "^4.2.0"
    domutils "^2.6.0"
    nth-check "^2.0.0"

css-what@^5.0.0:
  version "5.0.1"
  resolved "https://registry.nlark.com/css-what/download/css-what-5.0.1.tgz?cache=0&sync_timestamp=1622227630859&other_urls=https%3A%2F%2Fregistry.nlark.com%2Fcss-what%2Fdownload%2Fcss-what-5.0.1.tgz#3efa820131f4669a8ac2408f9c32e7c7de9f4cad"
  integrity sha1-PvqCATH0ZpqKwkCPnDLnx96fTK0=

cssom@^0.5.0:
  version "0.5.0"
  resolved "https://registry.nlark.com/cssom/download/cssom-0.5.0.tgz?cache=0&sync_timestamp=1624219249710&other_urls=https%3A%2F%2Fregistry.nlark.com%2Fcssom%2Fdownload%2Fcssom-0.5.0.tgz#d254fa92cd8b6fbd83811b9fbaed34663cc17c36"
  integrity sha1-0lT6ks2Lb72DgRufuu00ZjzBfDY=

dom-serializer@^1.0.1:
  version "1.3.2"
  resolved "https://registry.nlark.com/dom-serializer/download/dom-serializer-1.3.2.tgz#6206437d32ceefaec7161803230c7a20bc1b4d91"
  integrity sha1-YgZDfTLO767HFhgDIwx6ILwbTZE=
  dependencies:
    domelementtype "^2.0.1"
    domhandler "^4.2.0"
    entities "^2.0.0"

domelementtype@^2.0.1, domelementtype@^2.2.0:
  version "2.2.0"
  resolved "https://registry.npm.taobao.org/domelementtype/download/domelementtype-2.2.0.tgz#9a0b6c2782ed6a1c7323d42267183df9bd8b1d57"
  integrity sha1-mgtsJ4LtahxzI9QiZxg9+b2LHVc=

domhandler@^4.2.0, domhandler@^4.2.2:
  version "4.2.2"
  resolved "https://registry.nlark.com/domhandler/download/domhandler-4.2.2.tgz?cache=0&sync_timestamp=1630246778110&other_urls=https%3A%2F%2Fregistry.nlark.com%2Fdomhandler%2Fdownload%2Fdomhandler-4.2.2.tgz#e825d721d19a86b8c201a35264e226c678ee755f"
  integrity sha1-6CXXIdGahrjCAaNSZOImxnjudV8=
  dependencies:
    domelementtype "^2.2.0"

domutils@^2.6.0, domutils@^2.8.0:
  version "2.8.0"
  resolved "https://registry.nlark.com/domutils/download/domutils-2.8.0.tgz?cache=0&sync_timestamp=1630106606599&other_urls=https%3A%2F%2Fregistry.nlark.com%2Fdomutils%2Fdownload%2Fdomutils-2.8.0.tgz#4437def5db6e2d1f5d6ee859bd95ca7d02048135"
  integrity sha1-RDfe9dtuLR9dbuhZvZXKfQIEgTU=
  dependencies:
    dom-serializer "^1.0.1"
    domelementtype "^2.2.0"
    domhandler "^4.2.0"

entities@^2.0.0:
  version "2.2.0"
  resolved "https://registry.nlark.com/entities/download/entities-2.2.0.tgz?cache=0&sync_timestamp=1628508126700&other_urls=https%3A%2F%2Fregistry.nlark.com%2Fentities%2Fdownload%2Fentities-2.2.0.tgz#098dc90ebb83d8dffa089d55256b351d34c4da55"
  integrity sha1-CY3JDruD2N/6CJ1VJWs1HTTE2lU=

entities@^3.0.1:
  version "3.0.1"
  resolved "https://registry.nlark.com/entities/download/entities-3.0.1.tgz?cache=0&sync_timestamp=1628508126700&other_urls=https%3A%2F%2Fregistry.nlark.com%2Fentities%2Fdownload%2Fentities-3.0.1.tgz#2b887ca62585e96db3903482d336c1006c3001d4"
  integrity sha1-K4h8piWF6W2zkDSC0zbBAGwwAdQ=

html-escaper@^3.0.3:
  version "3.0.3"
  resolved "https://registry.nlark.com/html-escaper/download/html-escaper-3.0.3.tgz#4d336674652beb1dcbc29ef6b6ba7f6be6fdfed6"
  integrity sha1-TTNmdGUr6x3Lwp72trp/a+b9/tY=

htmlparser2@^7.1.2:
  version "7.1.2"
  resolved "https://registry.nlark.com/htmlparser2/download/htmlparser2-7.1.2.tgz?cache=0&sync_timestamp=1631386302257&other_urls=https%3A%2F%2Fregistry.nlark.com%2Fhtmlparser2%2Fdownload%2Fhtmlparser2-7.1.2.tgz#587923d38f03bc89e03076e00cba2c7473f37f7c"
  integrity sha1-WHkj048DvIngMHbgDLosdHPzf3w=
  dependencies:
    domelementtype "^2.0.1"
    domhandler "^4.2.2"
    domutils "^2.8.0"
    entities "^3.0.1"

linkedom@^0.12.1:
  version "0.12.1"
  resolved "https://registry.npmmirror.com/linkedom/download/linkedom-0.12.1.tgz#cdab2a513aafddec346dc35667ebe748fee9c081"
  integrity sha1-zasqUTqv3ew0bcNWZ+vnSP7pwIE=
  dependencies:
    "@ungap/event-target" "^0.2.3"
    css-select "^4.1.3"
    cssom "^0.5.0"
    html-escaper "^3.0.3"
    htmlparser2 "^7.1.2"
    uhyphen "^0.1.0"

nth-check@^2.0.0:
  version "2.0.1"
  resolved "https://registry.nlark.com/nth-check/download/nth-check-2.0.1.tgz#2efe162f5c3da06a28959fbd3db75dbeea9f0fc2"
  integrity sha1-Lv4WL1w9oGoolZ+9PbddvuqfD8I=
  dependencies:
    boolbase "^1.0.0"

uhyphen@^0.1.0:
  version "0.1.0"
  resolved "https://registry.nlark.com/uhyphen/download/uhyphen-0.1.0.tgz#3cc22afa790daa802b9f6789f3583108d5b4a08c"
  integrity sha1-PMIq+nkNqoArn2eJ81gxCNW0oIw=
